
Microsoft Visual Studio Solution File, Format Version 12.00
# Visual Studio 14
VisualStudioVersion = 14.0.25123.0
MinimumVisualStudioVersion = 10.0.40219.1
Project("{FAE04EC0-301F-11D3-BF4B-00C04F79EFBC}") = "SampleSuite.Source", "SampleSuite\SampleSuite.Source.csproj", "{FE61F5F7-E13B-4E90-948D-ADBF884024BE}"
EndProject
Project("{2150E333-8FDC-42A3-9474-1A3956D46DE8}") = "Framework Source", "Framework Source", "{4612F554-2230-4CCA-B9E7-2E490A2DFA10}"
EndProject
Project("{FAE04EC0-301F-11D3-BF4B-00C04F79EFBC}") = "PrismFramework", "..\..\Prism-Core\PrismFramework.csproj", "{BF3EDE00-0B3E-4C83-82E0-3ED08BE0E2E5}"
EndProject
Project("{FAE04EC0-301F-11D3-BF4B-00C04F79EFBC}") = "PrismFramework.Android", "..\..\Prism-Android\PrismFramework.Android.csproj", "{502BEC8E-BB95-4C09-9C14-9EC3777C2F19}"
EndProject
Project("{FAE04EC0-301F-11D3-BF4B-00C04F79EFBC}") = "PrismFramework.iOS", "..\..\Prism-iOS\PrismFramework.iOS.csproj", "{E0FBD43D-974C-4676-B7F7-9FBDE2885A36}"
EndProject
Project("{FAE04EC0-301F-11D3-BF4B-00C04F79EFBC}") = "PrismFramework.Windows", "..\..\Prism-Windows\PrismFramework.Windows.csproj", "{F84D0471-790D-4FBF-A2B5-49237C40CADB}"
EndProject
Project("{FAE04EC0-301F-11D3-BF4B-00C04F79EFBC}") = "SampleSuite.Windows.Source", "SampleSuite.Windows\SampleSuite.Windows.Source.csproj", "{787AD8EE-0232-450E-90B3-DB9F4BAFC202}"
EndProject
Project("{FAE04EC0-301F-11D3-BF4B-00C04F79EFBC}") = "SampleSuite.iOS.Source", "SampleSuite.iOS\SampleSuite.iOS.Source.csproj", "{A955E6AA-D96B-4DC2-BFC0-6BF5C897C0F3}"
EndProject
Project("{FAE04EC0-301F-11D3-BF4B-00C04F79EFBC}") = "SampleSuite.Android.Source", "SampleSuite.Android\SampleSuite.Android.Source.csproj", "{1B88A131-C6DE-4594-89B2-010CC85878CC}"
EndProject
Global
	GlobalSection(SolutionConfigurationPlatforms) = preSolution
		Ad-Hoc|Any CPU = Ad-Hoc|Any CPU
		Ad-Hoc|ARM = Ad-Hoc|ARM
		Ad-Hoc|iPhone = Ad-Hoc|iPhone
		Ad-Hoc|iPhoneSimulator = Ad-Hoc|iPhoneSimulator
		Ad-Hoc|x64 = Ad-Hoc|x64
		Ad-Hoc|x86 = Ad-Hoc|x86
		AppStore|Any CPU = AppStore|Any CPU
		AppStore|ARM = AppStore|ARM
		AppStore|iPhone = AppStore|iPhone
		AppStore|iPhoneSimulator = AppStore|iPhoneSimulator
		AppStore|x64 = AppStore|x64
		AppStore|x86 = AppStore|x86
		Debug|Any CPU = Debug|Any CPU
		Debug|ARM = Debug|ARM
		Debug|iPhone = Debug|iPhone
		Debug|iPhoneSimulator = Debug|iPhoneSimulator
		Debug|x64 = Debug|x64
		Debug|x86 = Debug|x86
		Release|Any CPU = Release|Any CPU
		Release|ARM = Release|ARM
		Release|iPhone = Release|iPhone
		Release|iPhoneSimulator = Release|iPhoneSimulator
		Release|x64 = Release|x64
		Release|x86 = Release|x86
	EndGlobalSection
	GlobalSection(ProjectConfigurationPlatforms) = postSolution
		{FE61F5F7-E13B-4E90-948D-ADBF884024BE}.Ad-Hoc|Any CPU.ActiveCfg = Release|Any CPU
		{FE61F5F7-E13B-4E90-948D-ADBF884024BE}.Ad-Hoc|Any CPU.Build.0 = Release|Any CPU
		{FE61F5F7-E13B-4E90-948D-ADBF884024BE}.Ad-Hoc|ARM.ActiveCfg = Release|Any CPU
		{FE61F5F7-E13B-4E90-948D-ADBF884024BE}.Ad-Hoc|ARM.Build.0 = Release|Any CPU
		{FE61F5F7-E13B-4E90-948D-ADBF884024BE}.Ad-Hoc|iPhone.ActiveCfg = Release|Any CPU
		{FE61F5F7-E13B-4E90-948D-ADBF884024BE}.Ad-Hoc|iPhone.Build.0 = Release|Any CPU
		{FE61F5F7-E13B-4E90-948D-ADBF884024BE}.Ad-Hoc|iPhoneSimulator.ActiveCfg = Release|Any CPU
		{FE61F5F7-E13B-4E90-948D-ADBF884024BE}.Ad-Hoc|iPhoneSimulator.Build.0 = Release|Any CPU
		{FE61F5F7-E13B-4E90-948D-ADBF884024BE}.Ad-Hoc|x64.ActiveCfg = Release|Any CPU
		{FE61F5F7-E13B-4E90-948D-ADBF884024BE}.Ad-Hoc|x64.Build.0 = Release|Any CPU
		{FE61F5F7-E13B-4E90-948D-ADBF884024BE}.Ad-Hoc|x86.ActiveCfg = Release|Any CPU
		{FE61F5F7-E13B-4E90-948D-ADBF884024BE}.Ad-Hoc|x86.Build.0 = Release|Any CPU
		{FE61F5F7-E13B-4E90-948D-ADBF884024BE}.AppStore|Any CPU.ActiveCfg = Release|Any CPU
		{FE61F5F7-E13B-4E90-948D-ADBF884024BE}.AppStore|Any CPU.Build.0 = Release|Any CPU
		{FE61F5F7-E13B-4E90-948D-ADBF884024BE}.AppStore|ARM.ActiveCfg = Release|Any CPU
		{FE61F5F7-E13B-4E90-948D-ADBF884024BE}.AppStore|ARM.Build.0 = Release|Any CPU
		{FE61F5F7-E13B-4E90-948D-ADBF884024BE}.AppStore|iPhone.ActiveCfg = Release|Any CPU
		{FE61F5F7-E13B-4E90-948D-ADBF884024BE}.AppStore|iPhone.Build.0 = Release|Any CPU
		{FE61F5F7-E13B-4E90-948D-ADBF884024BE}.AppStore|iPhoneSimulator.ActiveCfg = Release|Any CPU
		{FE61F5F7-E13B-4E90-948D-ADBF884024BE}.AppStore|iPhoneSimulator.Build.0 = Release|Any CPU
		{FE61F5F7-E13B-4E90-948D-ADBF884024BE}.AppStore|x64.ActiveCfg = Release|Any CPU
		{FE61F5F7-E13B-4E90-948D-ADBF884024BE}.AppStore|x64.Build.0 = Release|Any CPU
		{FE61F5F7-E13B-4E90-948D-ADBF884024BE}.AppStore|x86.ActiveCfg = Release|Any CPU
		{FE61F5F7-E13B-4E90-948D-ADBF884024BE}.AppStore|x86.Build.0 = Release|Any CPU
		{FE61F5F7-E13B-4E90-948D-ADBF884024BE}.Debug|Any CPU.ActiveCfg = Debug|Any CPU
		{FE61F5F7-E13B-4E90-948D-ADBF884024BE}.Debug|Any CPU.Build.0 = Debug|Any CPU
		{FE61F5F7-E13B-4E90-948D-ADBF884024BE}.Debug|ARM.ActiveCfg = Debug|Any CPU
		{FE61F5F7-E13B-4E90-948D-ADBF884024BE}.Debug|ARM.Build.0 = Debug|Any CPU
		{FE61F5F7-E13B-4E90-948D-ADBF884024BE}.Debug|iPhone.ActiveCfg = Debug|Any CPU
		{FE61F5F7-E13B-4E90-948D-ADBF884024BE}.Debug|iPhone.Build.0 = Debug|Any CPU
		{FE61F5F7-E13B-4E90-948D-ADBF884024BE}.Debug|iPhoneSimulator.ActiveCfg = Debug|Any CPU
		{FE61F5F7-E13B-4E90-948D-ADBF884024BE}.Debug|iPhoneSimulator.Build.0 = Debug|Any CPU
		{FE61F5F7-E13B-4E90-948D-ADBF884024BE}.Debug|x64.ActiveCfg = Debug|Any CPU
		{FE61F5F7-E13B-4E90-948D-ADBF884024BE}.Debug|x64.Build.0 = Debug|Any CPU
		{FE61F5F7-E13B-4E90-948D-ADBF884024BE}.Debug|x86.ActiveCfg = Debug|Any CPU
		{FE61F5F7-E13B-4E90-948D-ADBF884024BE}.Debug|x86.Build.0 = Debug|Any CPU
		{FE61F5F7-E13B-4E90-948D-ADBF884024BE}.Release|Any CPU.ActiveCfg = Release|Any CPU
		{FE61F5F7-E13B-4E90-948D-ADBF884024BE}.Release|Any CPU.Build.0 = Release|Any CPU
		{FE61F5F7-E13B-4E90-948D-ADBF884024BE}.Release|ARM.ActiveCfg = Release|Any CPU
		{FE61F5F7-E13B-4E90-948D-ADBF884024BE}.Release|ARM.Build.0 = Release|Any CPU
		{FE61F5F7-E13B-4E90-948D-ADBF884024BE}.Release|iPhone.ActiveCfg = Release|Any CPU
		{FE61F5F7-E13B-4E90-948D-ADBF884024BE}.Release|iPhone.Build.0 = Release|Any CPU
		{FE61F5F7-E13B-4E90-948D-ADBF884024BE}.Release|iPhoneSimulator.ActiveCfg = Release|Any CPU
		{FE61F5F7-E13B-4E90-948D-ADBF884024BE}.Release|iPhoneSimulator.Build.0 = Release|Any CPU
		{FE61F5F7-E13B-4E90-948D-ADBF884024BE}.Release|x64.ActiveCfg = Release|Any CPU
		{FE61F5F7-E13B-4E90-948D-ADBF884024BE}.Release|x64.Build.0 = Release|Any CPU
		{FE61F5F7-E13B-4E90-948D-ADBF884024BE}.Release|x86.ActiveCfg = Release|Any CPU
		{FE61F5F7-E13B-4E90-948D-ADBF884024BE}.Release|x86.Build.0 = Release|Any CPU
		{BF3EDE00-0B3E-4C83-82E0-3ED08BE0E2E5}.Ad-Hoc|Any CPU.ActiveCfg = Release|Any CPU
		{BF3EDE00-0B3E-4C83-82E0-3ED08BE0E2E5}.Ad-Hoc|Any CPU.Build.0 = Release|Any CPU
		{BF3EDE00-0B3E-4C83-82E0-3ED08BE0E2E5}.Ad-Hoc|ARM.ActiveCfg = Release|Any CPU
		{BF3EDE00-0B3E-4C83-82E0-3ED08BE0E2E5}.Ad-Hoc|ARM.Build.0 = Release|Any CPU
		{BF3EDE00-0B3E-4C83-82E0-3ED08BE0E2E5}.Ad-Hoc|iPhone.ActiveCfg = Release|Any CPU
		{BF3EDE00-0B3E-4C83-82E0-3ED08BE0E2E5}.Ad-Hoc|iPhone.Build.0 = Release|Any CPU
		{BF3EDE00-0B3E-4C83-82E0-3ED08BE0E2E5}.Ad-Hoc|iPhoneSimulator.ActiveCfg = Release|Any CPU
		{BF3EDE00-0B3E-4C83-82E0-3ED08BE0E2E5}.Ad-Hoc|iPhoneSimulator.Build.0 = Release|Any CPU
		{BF3EDE00-0B3E-4C83-82E0-3ED08BE0E2E5}.Ad-Hoc|x64.ActiveCfg = Release|Any CPU
		{BF3EDE00-0B3E-4C83-82E0-3ED08BE0E2E5}.Ad-Hoc|x64.Build.0 = Release|Any CPU
		{BF3EDE00-0B3E-4C83-82E0-3ED08BE0E2E5}.Ad-Hoc|x86.ActiveCfg = Release|Any CPU
		{BF3EDE00-0B3E-4C83-82E0-3ED08BE0E2E5}.Ad-Hoc|x86.Build.0 = Release|Any CPU
		{BF3EDE00-0B3E-4C83-82E0-3ED08BE0E2E5}.AppStore|Any CPU.ActiveCfg = Release|Any CPU
		{BF3EDE00-0B3E-4C83-82E0-3ED08BE0E2E5}.AppStore|Any CPU.Build.0 = Release|Any CPU
		{BF3EDE00-0B3E-4C83-82E0-3ED08BE0E2E5}.AppStore|ARM.ActiveCfg = Release|Any CPU
		{BF3EDE00-0B3E-4C83-82E0-3ED08BE0E2E5}.AppStore|ARM.Build.0 = Release|Any CPU
		{BF3EDE00-0B3E-4C83-82E0-3ED08BE0E2E5}.AppStore|iPhone.ActiveCfg = Release|Any CPU
		{BF3EDE00-0B3E-4C83-82E0-3ED08BE0E2E5}.AppStore|iPhone.Build.0 = Release|Any CPU
		{BF3EDE00-0B3E-4C83-82E0-3ED08BE0E2E5}.AppStore|iPhoneSimulator.ActiveCfg = Release|Any CPU
		{BF3EDE00-0B3E-4C83-82E0-3ED08BE0E2E5}.AppStore|iPhoneSimulator.Build.0 = Release|Any CPU
		{BF3EDE00-0B3E-4C83-82E0-3ED08BE0E2E5}.AppStore|x64.ActiveCfg = Release|Any CPU
		{BF3EDE00-0B3E-4C83-82E0-3ED08BE0E2E5}.AppStore|x64.Build.0 = Release|Any CPU
		{BF3EDE00-0B3E-4C83-82E0-3ED08BE0E2E5}.AppStore|x86.ActiveCfg = Release|Any CPU
		{BF3EDE00-0B3E-4C83-82E0-3ED08BE0E2E5}.AppStore|x86.Build.0 = Release|Any CPU
		{BF3EDE00-0B3E-4C83-82E0-3ED08BE0E2E5}.Debug|Any CPU.ActiveCfg = Debug|Any CPU
		{BF3EDE00-0B3E-4C83-82E0-3ED08BE0E2E5}.Debug|Any CPU.Build.0 = Debug|Any CPU
		{BF3EDE00-0B3E-4C83-82E0-3ED08BE0E2E5}.Debug|ARM.ActiveCfg = Debug|Any CPU
		{BF3EDE00-0B3E-4C83-82E0-3ED08BE0E2E5}.Debug|ARM.Build.0 = Debug|Any CPU
		{BF3EDE00-0B3E-4C83-82E0-3ED08BE0E2E5}.Debug|iPhone.ActiveCfg = Debug|Any CPU
		{BF3EDE00-0B3E-4C83-82E0-3ED08BE0E2E5}.Debug|iPhone.Build.0 = Debug|Any CPU
		{BF3EDE00-0B3E-4C83-82E0-3ED08BE0E2E5}.Debug|iPhoneSimulator.ActiveCfg = Debug|Any CPU
		{BF3EDE00-0B3E-4C83-82E0-3ED08BE0E2E5}.Debug|iPhoneSimulator.Build.0 = Debug|Any CPU
		{BF3EDE00-0B3E-4C83-82E0-3ED08BE0E2E5}.Debug|x64.ActiveCfg = Debug|Any CPU
		{BF3EDE00-0B3E-4C83-82E0-3ED08BE0E2E5}.Debug|x64.Build.0 = Debug|Any CPU
		{BF3EDE00-0B3E-4C83-82E0-3ED08BE0E2E5}.Debug|x86.ActiveCfg = Debug|Any CPU
		{BF3EDE00-0B3E-4C83-82E0-3ED08BE0E2E5}.Debug|x86.Build.0 = Debug|Any CPU
		{BF3EDE00-0B3E-4C83-82E0-3ED08BE0E2E5}.Release|Any CPU.ActiveCfg = Release|Any CPU
		{BF3EDE00-0B3E-4C83-82E0-3ED08BE0E2E5}.Release|Any CPU.Build.0 = Release|Any CPU
		{BF3EDE00-0B3E-4C83-82E0-3ED08BE0E2E5}.Release|ARM.ActiveCfg = Release|Any CPU
		{BF3EDE00-0B3E-4C83-82E0-3ED08BE0E2E5}.Release|ARM.Build.0 = Release|Any CPU
		{BF3EDE00-0B3E-4C83-82E0-3ED08BE0E2E5}.Release|iPhone.ActiveCfg = Release|Any CPU
		{BF3EDE00-0B3E-4C83-82E0-3ED08BE0E2E5}.Release|iPhone.Build.0 = Release|Any CPU
		{BF3EDE00-0B3E-4C83-82E0-3ED08BE0E2E5}.Release|iPhoneSimulator.ActiveCfg = Release|Any CPU
		{BF3EDE00-0B3E-4C83-82E0-3ED08BE0E2E5}.Release|iPhoneSimulator.Build.0 = Release|Any CPU
		{BF3EDE00-0B3E-4C83-82E0-3ED08BE0E2E5}.Release|x64.ActiveCfg = Release|Any CPU
		{BF3EDE00-0B3E-4C83-82E0-3ED08BE0E2E5}.Release|x64.Build.0 = Release|Any CPU
		{BF3EDE00-0B3E-4C83-82E0-3ED08BE0E2E5}.Release|x86.ActiveCfg = Release|Any CPU
		{BF3EDE00-0B3E-4C83-82E0-3ED08BE0E2E5}.Release|x86.Build.0 = Release|Any CPU
		{502BEC8E-BB95-4C09-9C14-9EC3777C2F19}.Ad-Hoc|Any CPU.ActiveCfg = Release|Any CPU
		{502BEC8E-BB95-4C09-9C14-9EC3777C2F19}.Ad-Hoc|Any CPU.Build.0 = Release|Any CPU
		{502BEC8E-BB95-4C09-9C14-9EC3777C2F19}.Ad-Hoc|ARM.ActiveCfg = Release|Any CPU
		{502BEC8E-BB95-4C09-9C14-9EC3777C2F19}.Ad-Hoc|ARM.Build.0 = Release|Any CPU
		{502BEC8E-BB95-4C09-9C14-9EC3777C2F19}.Ad-Hoc|iPhone.ActiveCfg = Release|Any CPU
		{502BEC8E-BB95-4C09-9C14-9EC3777C2F19}.Ad-Hoc|iPhone.Build.0 = Release|Any CPU
		{502BEC8E-BB95-4C09-9C14-9EC3777C2F19}.Ad-Hoc|iPhoneSimulator.ActiveCfg = Release|Any CPU
		{502BEC8E-BB95-4C09-9C14-9EC3777C2F19}.Ad-Hoc|iPhoneSimulator.Build.0 = Release|Any CPU
		{502BEC8E-BB95-4C09-9C14-9EC3777C2F19}.Ad-Hoc|x64.ActiveCfg = Release|Any CPU
		{502BEC8E-BB95-4C09-9C14-9EC3777C2F19}.Ad-Hoc|x64.Build.0 = Release|Any CPU
		{502BEC8E-BB95-4C09-9C14-9EC3777C2F19}.Ad-Hoc|x86.ActiveCfg = Release|Any CPU
		{502BEC8E-BB95-4C09-9C14-9EC3777C2F19}.Ad-Hoc|x86.Build.0 = Release|Any CPU
		{502BEC8E-BB95-4C09-9C14-9EC3777C2F19}.AppStore|Any CPU.ActiveCfg = Release|Any CPU
		{502BEC8E-BB95-4C09-9C14-9EC3777C2F19}.AppStore|Any CPU.Build.0 = Release|Any CPU
		{502BEC8E-BB95-4C09-9C14-9EC3777C2F19}.AppStore|ARM.ActiveCfg = Release|Any CPU
		{502BEC8E-BB95-4C09-9C14-9EC3777C2F19}.AppStore|ARM.Build.0 = Release|Any CPU
		{502BEC8E-BB95-4C09-9C14-9EC3777C2F19}.AppStore|iPhone.ActiveCfg = Release|Any CPU
		{502BEC8E-BB95-4C09-9C14-9EC3777C2F19}.AppStore|iPhone.Build.0 = Release|Any CPU
		{502BEC8E-BB95-4C09-9C14-9EC3777C2F19}.AppStore|iPhoneSimulator.ActiveCfg = Release|Any CPU
		{502BEC8E-BB95-4C09-9C14-9EC3777C2F19}.AppStore|iPhoneSimulator.Build.0 = Release|Any CPU
		{502BEC8E-BB95-4C09-9C14-9EC3777C2F19}.AppStore|x64.ActiveCfg = Release|Any CPU
		{502BEC8E-BB95-4C09-9C14-9EC3777C2F19}.AppStore|x64.Build.0 = Release|Any CPU
		{502BEC8E-BB95-4C09-9C14-9EC3777C2F19}.AppStore|x86.ActiveCfg = Release|Any CPU
		{502BEC8E-BB95-4C09-9C14-9EC3777C2F19}.AppStore|x86.Build.0 = Release|Any CPU
		{502BEC8E-BB95-4C09-9C14-9EC3777C2F19}.Debug|Any CPU.ActiveCfg = Debug|Any CPU
		{502BEC8E-BB95-4C09-9C14-9EC3777C2F19}.Debug|Any CPU.Build.0 = Debug|Any CPU
		{502BEC8E-BB95-4C09-9C14-9EC3777C2F19}.Debug|ARM.ActiveCfg = Debug|Any CPU
		{502BEC8E-BB95-4C09-9C14-9EC3777C2F19}.Debug|ARM.Build.0 = Debug|Any CPU
		{502BEC8E-BB95-4C09-9C14-9EC3777C2F19}.Debug|iPhone.ActiveCfg = Debug|Any CPU
		{502BEC8E-BB95-4C09-9C14-9EC3777C2F19}.Debug|iPhone.Build.0 = Debug|Any CPU
		{502BEC8E-BB95-4C09-9C14-9EC3777C2F19}.Debug|iPhoneSimulator.ActiveCfg = Debug|Any CPU
		{502BEC8E-BB95-4C09-9C14-9EC3777C2F19}.Debug|iPhoneSimulator.Build.0 = Debug|Any CPU
		{502BEC8E-BB95-4C09-9C14-9EC3777C2F19}.Debug|x64.ActiveCfg = Debug|Any CPU
		{502BEC8E-BB95-4C09-9C14-9EC3777C2F19}.Debug|x64.Build.0 = Debug|Any CPU
		{502BEC8E-BB95-4C09-9C14-9EC3777C2F19}.Debug|x86.ActiveCfg = Debug|Any CPU
		{502BEC8E-BB95-4C09-9C14-9EC3777C2F19}.Debug|x86.Build.0 = Debug|Any CPU
		{502BEC8E-BB95-4C09-9C14-9EC3777C2F19}.Release|Any CPU.ActiveCfg = Release|Any CPU
		{502BEC8E-BB95-4C09-9C14-9EC3777C2F19}.Release|Any CPU.Build.0 = Release|Any CPU
		{502BEC8E-BB95-4C09-9C14-9EC3777C2F19}.Release|ARM.ActiveCfg = Release|Any CPU
		{502BEC8E-BB95-4C09-9C14-9EC3777C2F19}.Release|ARM.Build.0 = Release|Any CPU
		{502BEC8E-BB95-4C09-9C14-9EC3777C2F19}.Release|iPhone.ActiveCfg = Release|Any CPU
		{502BEC8E-BB95-4C09-9C14-9EC3777C2F19}.Release|iPhone.Build.0 = Release|Any CPU
		{502BEC8E-BB95-4C09-9C14-9EC3777C2F19}.Release|iPhoneSimulator.ActiveCfg = Release|Any CPU
		{502BEC8E-BB95-4C09-9C14-9EC3777C2F19}.Release|iPhoneSimulator.Build.0 = Release|Any CPU
		{502BEC8E-BB95-4C09-9C14-9EC3777C2F19}.Release|x64.ActiveCfg = Release|Any CPU
		{502BEC8E-BB95-4C09-9C14-9EC3777C2F19}.Release|x64.Build.0 = Release|Any CPU
		{502BEC8E-BB95-4C09-9C14-9EC3777C2F19}.Release|x86.ActiveCfg = Release|Any CPU
		{502BEC8E-BB95-4C09-9C14-9EC3777C2F19}.Release|x86.Build.0 = Release|Any CPU
		{E0FBD43D-974C-4676-B7F7-9FBDE2885A36}.Ad-Hoc|Any CPU.ActiveCfg = Release|Any CPU
		{E0FBD43D-974C-4676-B7F7-9FBDE2885A36}.Ad-Hoc|Any CPU.Build.0 = Release|Any CPU
		{E0FBD43D-974C-4676-B7F7-9FBDE2885A36}.Ad-Hoc|ARM.ActiveCfg = Release|Any CPU
		{E0FBD43D-974C-4676-B7F7-9FBDE2885A36}.Ad-Hoc|ARM.Build.0 = Release|Any CPU
		{E0FBD43D-974C-4676-B7F7-9FBDE2885A36}.Ad-Hoc|iPhone.ActiveCfg = Release|Any CPU
		{E0FBD43D-974C-4676-B7F7-9FBDE2885A36}.Ad-Hoc|iPhone.Build.0 = Release|Any CPU
		{E0FBD43D-974C-4676-B7F7-9FBDE2885A36}.Ad-Hoc|iPhoneSimulator.ActiveCfg = Release|Any CPU
		{E0FBD43D-974C-4676-B7F7-9FBDE2885A36}.Ad-Hoc|iPhoneSimulator.Build.0 = Release|Any CPU
		{E0FBD43D-974C-4676-B7F7-9FBDE2885A36}.Ad-Hoc|x64.ActiveCfg = Release|Any CPU
		{E0FBD43D-974C-4676-B7F7-9FBDE2885A36}.Ad-Hoc|x64.Build.0 = Release|Any CPU
		{E0FBD43D-974C-4676-B7F7-9FBDE2885A36}.Ad-Hoc|x86.ActiveCfg = Release|Any CPU
		{E0FBD43D-974C-4676-B7F7-9FBDE2885A36}.Ad-Hoc|x86.Build.0 = Release|Any CPU
		{E0FBD43D-974C-4676-B7F7-9FBDE2885A36}.AppStore|Any CPU.ActiveCfg = Release|Any CPU
		{E0FBD43D-974C-4676-B7F7-9FBDE2885A36}.AppStore|Any CPU.Build.0 = Release|Any CPU
		{E0FBD43D-974C-4676-B7F7-9FBDE2885A36}.AppStore|ARM.ActiveCfg = Release|Any CPU
		{E0FBD43D-974C-4676-B7F7-9FBDE2885A36}.AppStore|ARM.Build.0 = Release|Any CPU
		{E0FBD43D-974C-4676-B7F7-9FBDE2885A36}.AppStore|iPhone.ActiveCfg = Release|Any CPU
		{E0FBD43D-974C-4676-B7F7-9FBDE2885A36}.AppStore|iPhone.Build.0 = Release|Any CPU
		{E0FBD43D-974C-4676-B7F7-9FBDE2885A36}.AppStore|iPhoneSimulator.ActiveCfg = Release|Any CPU
		{E0FBD43D-974C-4676-B7F7-9FBDE2885A36}.AppStore|iPhoneSimulator.Build.0 = Release|Any CPU
		{E0FBD43D-974C-4676-B7F7-9FBDE2885A36}.AppStore|x64.ActiveCfg = Release|Any CPU
		{E0FBD43D-974C-4676-B7F7-9FBDE2885A36}.AppStore|x64.Build.0 = Release|Any CPU
		{E0FBD43D-974C-4676-B7F7-9FBDE2885A36}.AppStore|x86.ActiveCfg = Release|Any CPU
		{E0FBD43D-974C-4676-B7F7-9FBDE2885A36}.AppStore|x86.Build.0 = Release|Any CPU
		{E0FBD43D-974C-4676-B7F7-9FBDE2885A36}.Debug|Any CPU.ActiveCfg = Debug|Any CPU
		{E0FBD43D-974C-4676-B7F7-9FBDE2885A36}.Debug|Any CPU.Build.0 = Debug|Any CPU
		{E0FBD43D-974C-4676-B7F7-9FBDE2885A36}.Debug|ARM.ActiveCfg = Debug|Any CPU
		{E0FBD43D-974C-4676-B7F7-9FBDE2885A36}.Debug|ARM.Build.0 = Debug|Any CPU
		{E0FBD43D-974C-4676-B7F7-9FBDE2885A36}.Debug|iPhone.ActiveCfg = Debug|Any CPU
		{E0FBD43D-974C-4676-B7F7-9FBDE2885A36}.Debug|iPhone.Build.0 = Debug|Any CPU
		{E0FBD43D-974C-4676-B7F7-9FBDE2885A36}.Debug|iPhoneSimulator.ActiveCfg = Debug|Any CPU
		{E0FBD43D-974C-4676-B7F7-9FBDE2885A36}.Debug|iPhoneSimulator.Build.0 = Debug|Any CPU
		{E0FBD43D-974C-4676-B7F7-9FBDE2885A36}.Debug|x64.ActiveCfg = Debug|Any CPU
		{E0FBD43D-974C-4676-B7F7-9FBDE2885A36}.Debug|x64.Build.0 = Debug|Any CPU
		{E0FBD43D-974C-4676-B7F7-9FBDE2885A36}.Debug|x86.ActiveCfg = Debug|Any CPU
		{E0FBD43D-974C-4676-B7F7-9FBDE2885A36}.Debug|x86.Build.0 = Debug|Any CPU
		{E0FBD43D-974C-4676-B7F7-9FBDE2885A36}.Release|Any CPU.ActiveCfg = Release|Any CPU
		{E0FBD43D-974C-4676-B7F7-9FBDE2885A36}.Release|Any CPU.Build.0 = Release|Any CPU
		{E0FBD43D-974C-4676-B7F7-9FBDE2885A36}.Release|ARM.ActiveCfg = Release|Any CPU
		{E0FBD43D-974C-4676-B7F7-9FBDE2885A36}.Release|ARM.Build.0 = Release|Any CPU
		{E0FBD43D-974C-4676-B7F7-9FBDE2885A36}.Release|iPhone.ActiveCfg = Release|Any CPU
		{E0FBD43D-974C-4676-B7F7-9FBDE2885A36}.Release|iPhone.Build.0 = Release|Any CPU
		{E0FBD43D-974C-4676-B7F7-9FBDE2885A36}.Release|iPhoneSimulator.ActiveCfg = Release|Any CPU
		{E0FBD43D-974C-4676-B7F7-9FBDE2885A36}.Release|iPhoneSimulator.Build.0 = Release|Any CPU
		{E0FBD43D-974C-4676-B7F7-9FBDE2885A36}.Release|x64.ActiveCfg = Release|Any CPU
		{E0FBD43D-974C-4676-B7F7-9FBDE2885A36}.Release|x64.Build.0 = Release|Any CPU
		{E0FBD43D-974C-4676-B7F7-9FBDE2885A36}.Release|x86.ActiveCfg = Release|Any CPU
		{E0FBD43D-974C-4676-B7F7-9FBDE2885A36}.Release|x86.Build.0 = Release|Any CPU
		{F84D0471-790D-4FBF-A2B5-49237C40CADB}.Ad-Hoc|Any CPU.ActiveCfg = Release|Any CPU
		{F84D0471-790D-4FBF-A2B5-49237C40CADB}.Ad-Hoc|Any CPU.Build.0 = Release|Any CPU
		{F84D0471-790D-4FBF-A2B5-49237C40CADB}.Ad-Hoc|ARM.ActiveCfg = Release|ARM
		{F84D0471-790D-4FBF-A2B5-49237C40CADB}.Ad-Hoc|ARM.Build.0 = Release|ARM
		{F84D0471-790D-4FBF-A2B5-49237C40CADB}.Ad-Hoc|iPhone.ActiveCfg = Release|Any CPU
		{F84D0471-790D-4FBF-A2B5-49237C40CADB}.Ad-Hoc|iPhone.Build.0 = Release|Any CPU
		{F84D0471-790D-4FBF-A2B5-49237C40CADB}.Ad-Hoc|iPhoneSimulator.ActiveCfg = Release|Any CPU
		{F84D0471-790D-4FBF-A2B5-49237C40CADB}.Ad-Hoc|iPhoneSimulator.Build.0 = Release|Any CPU
		{F84D0471-790D-4FBF-A2B5-49237C40CADB}.Ad-Hoc|x64.ActiveCfg = Release|x64
		{F84D0471-790D-4FBF-A2B5-49237C40CADB}.Ad-Hoc|x64.Build.0 = Release|x64
		{F84D0471-790D-4FBF-A2B5-49237C40CADB}.Ad-Hoc|x86.ActiveCfg = Release|x86
		{F84D0471-790D-4FBF-A2B5-49237C40CADB}.Ad-Hoc|x86.Build.0 = Release|x86
		{F84D0471-790D-4FBF-A2B5-49237C40CADB}.AppStore|Any CPU.ActiveCfg = Release|Any CPU
		{F84D0471-790D-4FBF-A2B5-49237C40CADB}.AppStore|Any CPU.Build.0 = Release|Any CPU
		{F84D0471-790D-4FBF-A2B5-49237C40CADB}.AppStore|ARM.ActiveCfg = Release|ARM
		{F84D0471-790D-4FBF-A2B5-49237C40CADB}.AppStore|ARM.Build.0 = Release|ARM
		{F84D0471-790D-4FBF-A2B5-49237C40CADB}.AppStore|iPhone.ActiveCfg = Release|Any CPU
		{F84D0471-790D-4FBF-A2B5-49237C40CADB}.AppStore|iPhone.Build.0 = Release|Any CPU
		{F84D0471-790D-4FBF-A2B5-49237C40CADB}.AppStore|iPhoneSimulator.ActiveCfg = Release|Any CPU
		{F84D0471-790D-4FBF-A2B5-49237C40CADB}.AppStore|iPhoneSimulator.Build.0 = Release|Any CPU
		{F84D0471-790D-4FBF-A2B5-49237C40CADB}.AppStore|x64.ActiveCfg = Release|x64
		{F84D0471-790D-4FBF-A2B5-49237C40CADB}.AppStore|x64.Build.0 = Release|x64
		{F84D0471-790D-4FBF-A2B5-49237C40CADB}.AppStore|x86.ActiveCfg = Release|x86
		{F84D0471-790D-4FBF-A2B5-49237C40CADB}.AppStore|x86.Build.0 = Release|x86
		{F84D0471-790D-4FBF-A2B5-49237C40CADB}.Debug|Any CPU.ActiveCfg = Debug|Any CPU
		{F84D0471-790D-4FBF-A2B5-49237C40CADB}.Debug|Any CPU.Build.0 = Debug|Any CPU
		{F84D0471-790D-4FBF-A2B5-49237C40CADB}.Debug|ARM.ActiveCfg = Debug|ARM
		{F84D0471-790D-4FBF-A2B5-49237C40CADB}.Debug|ARM.Build.0 = Debug|ARM
		{F84D0471-790D-4FBF-A2B5-49237C40CADB}.Debug|iPhone.ActiveCfg = Debug|Any CPU
		{F84D0471-790D-4FBF-A2B5-49237C40CADB}.Debug|iPhone.Build.0 = Debug|Any CPU
		{F84D0471-790D-4FBF-A2B5-49237C40CADB}.Debug|iPhoneSimulator.ActiveCfg = Debug|Any CPU
		{F84D0471-790D-4FBF-A2B5-49237C40CADB}.Debug|iPhoneSimulator.Build.0 = Debug|Any CPU
		{F84D0471-790D-4FBF-A2B5-49237C40CADB}.Debug|x64.ActiveCfg = Debug|x64
		{F84D0471-790D-4FBF-A2B5-49237C40CADB}.Debug|x64.Build.0 = Debug|x64
		{F84D0471-790D-4FBF-A2B5-49237C40CADB}.Debug|x86.ActiveCfg = Debug|x86
		{F84D0471-790D-4FBF-A2B5-49237C40CADB}.Debug|x86.Build.0 = Debug|x86
		{F84D0471-790D-4FBF-A2B5-49237C40CADB}.Release|Any CPU.ActiveCfg = Release|Any CPU
		{F84D0471-790D-4FBF-A2B5-49237C40CADB}.Release|Any CPU.Build.0 = Release|Any CPU
		{F84D0471-790D-4FBF-A2B5-49237C40CADB}.Release|ARM.ActiveCfg = Release|ARM
		{F84D0471-790D-4FBF-A2B5-49237C40CADB}.Release|ARM.Build.0 = Release|ARM
		{F84D0471-790D-4FBF-A2B5-49237C40CADB}.Release|iPhone.ActiveCfg = Release|Any CPU
		{F84D0471-790D-4FBF-A2B5-49237C40CADB}.Release|iPhone.Build.0 = Release|Any CPU
		{F84D0471-790D-4FBF-A2B5-49237C40CADB}.Release|iPhoneSimulator.ActiveCfg = Release|Any CPU
		{F84D0471-790D-4FBF-A2B5-49237C40CADB}.Release|iPhoneSimulator.Build.0 = Release|Any CPU
		{F84D0471-790D-4FBF-A2B5-49237C40CADB}.Release|x64.ActiveCfg = Release|x64
		{F84D0471-790D-4FBF-A2B5-49237C40CADB}.Release|x64.Build.0 = Release|x64
		{F84D0471-790D-4FBF-A2B5-49237C40CADB}.Release|x86.ActiveCfg = Release|x86
		{F84D0471-790D-4FBF-A2B5-49237C40CADB}.Release|x86.Build.0 = Release|x86
		{787AD8EE-0232-450E-90B3-DB9F4BAFC202}.Ad-Hoc|Any CPU.ActiveCfg = Release|x64
		{787AD8EE-0232-450E-90B3-DB9F4BAFC202}.Ad-Hoc|Any CPU.Build.0 = Release|x64
		{787AD8EE-0232-450E-90B3-DB9F4BAFC202}.Ad-Hoc|Any CPU.Deploy.0 = Release|x64
		{787AD8EE-0232-450E-90B3-DB9F4BAFC202}.Ad-Hoc|ARM.ActiveCfg = Release|ARM
		{787AD8EE-0232-450E-90B3-DB9F4BAFC202}.Ad-Hoc|ARM.Build.0 = Release|ARM
		{787AD8EE-0232-450E-90B3-DB9F4BAFC202}.Ad-Hoc|ARM.Deploy.0 = Release|ARM
		{787AD8EE-0232-450E-90B3-DB9F4BAFC202}.Ad-Hoc|iPhone.ActiveCfg = Release|x64
		{787AD8EE-0232-450E-90B3-DB9F4BAFC202}.Ad-Hoc|iPhone.Build.0 = Release|x64
		{787AD8EE-0232-450E-90B3-DB9F4BAFC202}.Ad-Hoc|iPhone.Deploy.0 = Release|x64
		{787AD8EE-0232-450E-90B3-DB9F4BAFC202}.Ad-Hoc|iPhoneSimulator.ActiveCfg = Release|x64
		{787AD8EE-0232-450E-90B3-DB9F4BAFC202}.Ad-Hoc|iPhoneSimulator.Build.0 = Release|x64
		{787AD8EE-0232-450E-90B3-DB9F4BAFC202}.Ad-Hoc|iPhoneSimulator.Deploy.0 = Release|x64
		{787AD8EE-0232-450E-90B3-DB9F4BAFC202}.Ad-Hoc|x64.ActiveCfg = Release|x64
		{787AD8EE-0232-450E-90B3-DB9F4BAFC202}.Ad-Hoc|x64.Build.0 = Release|x64
		{787AD8EE-0232-450E-90B3-DB9F4BAFC202}.Ad-Hoc|x64.Deploy.0 = Release|x64
		{787AD8EE-0232-450E-90B3-DB9F4BAFC202}.Ad-Hoc|x86.ActiveCfg = Release|x86
		{787AD8EE-0232-450E-90B3-DB9F4BAFC202}.Ad-Hoc|x86.Build.0 = Release|x86
		{787AD8EE-0232-450E-90B3-DB9F4BAFC202}.Ad-Hoc|x86.Deploy.0 = Release|x86
		{787AD8EE-0232-450E-90B3-DB9F4BAFC202}.AppStore|Any CPU.ActiveCfg = Release|x64
		{787AD8EE-0232-450E-90B3-DB9F4BAFC202}.AppStore|Any CPU.Build.0 = Release|x64
		{787AD8EE-0232-450E-90B3-DB9F4BAFC202}.AppStore|Any CPU.Deploy.0 = Release|x64
		{787AD8EE-0232-450E-90B3-DB9F4BAFC202}.AppStore|ARM.ActiveCfg = Release|ARM
		{787AD8EE-0232-450E-90B3-DB9F4BAFC202}.AppStore|ARM.Build.0 = Release|ARM
		{787AD8EE-0232-450E-90B3-DB9F4BAFC202}.AppStore|ARM.Deploy.0 = Release|ARM
		{787AD8EE-0232-450E-90B3-DB9F4BAFC202}.AppStore|iPhone.ActiveCfg = Release|x64
		{787AD8EE-0232-450E-90B3-DB9F4BAFC202}.AppStore|iPhone.Build.0 = Release|x64
		{787AD8EE-0232-450E-90B3-DB9F4BAFC202}.AppStore|iPhone.Deploy.0 = Release|x64
		{787AD8EE-0232-450E-90B3-DB9F4BAFC202}.AppStore|iPhoneSimulator.ActiveCfg = Release|x64
		{787AD8EE-0232-450E-90B3-DB9F4BAFC202}.AppStore|iPhoneSimulator.Build.0 = Release|x64
		{787AD8EE-0232-450E-90B3-DB9F4BAFC202}.AppStore|iPhoneSimulator.Deploy.0 = Release|x64
		{787AD8EE-0232-450E-90B3-DB9F4BAFC202}.AppStore|x64.ActiveCfg = Release|x64
		{787AD8EE-0232-450E-90B3-DB9F4BAFC202}.AppStore|x64.Build.0 = Release|x64
		{787AD8EE-0232-450E-90B3-DB9F4BAFC202}.AppStore|x64.Deploy.0 = Release|x64
		{787AD8EE-0232-450E-90B3-DB9F4BAFC202}.AppStore|x86.ActiveCfg = Release|x86
		{787AD8EE-0232-450E-90B3-DB9F4BAFC202}.AppStore|x86.Build.0 = Release|x86
		{787AD8EE-0232-450E-90B3-DB9F4BAFC202}.AppStore|x86.Deploy.0 = Release|x86
		{787AD8EE-0232-450E-90B3-DB9F4BAFC202}.Debug|Any CPU.ActiveCfg = Debug|x86
		{787AD8EE-0232-450E-90B3-DB9F4BAFC202}.Debug|Any CPU.Build.0 = Debug|x86
		{787AD8EE-0232-450E-90B3-DB9F4BAFC202}.Debug|Any CPU.Deploy.0 = Debug|x86
		{787AD8EE-0232-450E-90B3-DB9F4BAFC202}.Debug|ARM.ActiveCfg = Debug|ARM
		{787AD8EE-0232-450E-90B3-DB9F4BAFC202}.Debug|ARM.Build.0 = Debug|ARM
		{787AD8EE-0232-450E-90B3-DB9F4BAFC202}.Debug|ARM.Deploy.0 = Debug|ARM
		{787AD8EE-0232-450E-90B3-DB9F4BAFC202}.Debug|iPhone.ActiveCfg = Debug|x86
		{787AD8EE-0232-450E-90B3-DB9F4BAFC202}.Debug|iPhoneSimulator.ActiveCfg = Debug|x86
		{787AD8EE-0232-450E-90B3-DB9F4BAFC202}.Debug|x64.ActiveCfg = Debug|x64
		{787AD8EE-0232-450E-90B3-DB9F4BAFC202}.Debug|x64.Build.0 = Debug|x64
		{787AD8EE-0232-450E-90B3-DB9F4BAFC202}.Debug|x64.Deploy.0 = Debug|x64
		{787AD8EE-0232-450E-90B3-DB9F4BAFC202}.Debug|x86.ActiveCfg = Debug|x86
		{787AD8EE-0232-450E-90B3-DB9F4BAFC202}.Debug|x86.Build.0 = Debug|x86
		{787AD8EE-0232-450E-90B3-DB9F4BAFC202}.Debug|x86.Deploy.0 = Debug|x86
		{787AD8EE-0232-450E-90B3-DB9F4BAFC202}.Release|Any CPU.ActiveCfg = Release|x86
		{787AD8EE-0232-450E-90B3-DB9F4BAFC202}.Release|Any CPU.Build.0 = Release|x86
		{787AD8EE-0232-450E-90B3-DB9F4BAFC202}.Release|Any CPU.Deploy.0 = Release|x86
		{787AD8EE-0232-450E-90B3-DB9F4BAFC202}.Release|ARM.ActiveCfg = Release|ARM
		{787AD8EE-0232-450E-90B3-DB9F4BAFC202}.Release|ARM.Build.0 = Release|ARM
		{787AD8EE-0232-450E-90B3-DB9F4BAFC202}.Release|ARM.Deploy.0 = Release|ARM
		{787AD8EE-0232-450E-90B3-DB9F4BAFC202}.Release|iPhone.ActiveCfg = Release|x86
		{787AD8EE-0232-450E-90B3-DB9F4BAFC202}.Release|iPhoneSimulator.ActiveCfg = Release|x86
		{787AD8EE-0232-450E-90B3-DB9F4BAFC202}.Release|x64.ActiveCfg = Release|x64
		{787AD8EE-0232-450E-90B3-DB9F4BAFC202}.Release|x64.Build.0 = Release|x64
		{787AD8EE-0232-450E-90B3-DB9F4BAFC202}.Release|x64.Deploy.0 = Release|x64
		{787AD8EE-0232-450E-90B3-DB9F4BAFC202}.Release|x86.ActiveCfg = Release|x86
		{787AD8EE-0232-450E-90B3-DB9F4BAFC202}.Release|x86.Build.0 = Release|x86
		{787AD8EE-0232-450E-90B3-DB9F4BAFC202}.Release|x86.Deploy.0 = Release|x86
		{A955E6AA-D96B-4DC2-BFC0-6BF5C897C0F3}.Ad-Hoc|Any CPU.ActiveCfg = Ad-Hoc|iPhone
		{A955E6AA-D96B-4DC2-BFC0-6BF5C897C0F3}.Ad-Hoc|ARM.ActiveCfg = Ad-Hoc|iPhone
		{A955E6AA-D96B-4DC2-BFC0-6BF5C897C0F3}.Ad-Hoc|iPhone.ActiveCfg = Ad-Hoc|iPhone
		{A955E6AA-D96B-4DC2-BFC0-6BF5C897C0F3}.Ad-Hoc|iPhone.Build.0 = Ad-Hoc|iPhone
		{A955E6AA-D96B-4DC2-BFC0-6BF5C897C0F3}.Ad-Hoc|iPhoneSimulator.ActiveCfg = Ad-Hoc|iPhoneSimulator
		{A955E6AA-D96B-4DC2-BFC0-6BF5C897C0F3}.Ad-Hoc|iPhoneSimulator.Build.0 = Ad-Hoc|iPhoneSimulator
		{A955E6AA-D96B-4DC2-BFC0-6BF5C897C0F3}.Ad-Hoc|x64.ActiveCfg = Ad-Hoc|iPhone
		{A955E6AA-D96B-4DC2-BFC0-6BF5C897C0F3}.Ad-Hoc|x86.ActiveCfg = Ad-Hoc|iPhone
		{A955E6AA-D96B-4DC2-BFC0-6BF5C897C0F3}.AppStore|Any CPU.ActiveCfg = AppStore|iPhone
		{A955E6AA-D96B-4DC2-BFC0-6BF5C897C0F3}.AppStore|ARM.ActiveCfg = AppStore|iPhone
		{A955E6AA-D96B-4DC2-BFC0-6BF5C897C0F3}.AppStore|iPhone.ActiveCfg = AppStore|iPhone
		{A955E6AA-D96B-4DC2-BFC0-6BF5C897C0F3}.AppStore|iPhone.Build.0 = AppStore|iPhone
		{A955E6AA-D96B-4DC2-BFC0-6BF5C897C0F3}.AppStore|iPhoneSimulator.ActiveCfg = AppStore|iPhoneSimulator
		{A955E6AA-D96B-4DC2-BFC0-6BF5C897C0F3}.AppStore|iPhoneSimulator.Build.0 = AppStore|iPhoneSimulator
		{A955E6AA-D96B-4DC2-BFC0-6BF5C897C0F3}.AppStore|x64.ActiveCfg = AppStore|iPhone
		{A955E6AA-D96B-4DC2-BFC0-6BF5C897C0F3}.AppStore|x86.ActiveCfg = AppStore|iPhone
		{A955E6AA-D96B-4DC2-BFC0-6BF5C897C0F3}.Debug|Any CPU.ActiveCfg = Debug|iPhone
		{A955E6AA-D96B-4DC2-BFC0-6BF5C897C0F3}.Debug|Any CPU.Build.0 = Debug|iPhone
		{A955E6AA-D96B-4DC2-BFC0-6BF5C897C0F3}.Debug|ARM.ActiveCfg = Debug|iPhone
		{A955E6AA-D96B-4DC2-BFC0-6BF5C897C0F3}.Debug|iPhone.ActiveCfg = Debug|iPhone
		{A955E6AA-D96B-4DC2-BFC0-6BF5C897C0F3}.Debug|iPhone.Build.0 = Debug|iPhone
		{A955E6AA-D96B-4DC2-BFC0-6BF5C897C0F3}.Debug|iPhoneSimulator.ActiveCfg = Debug|iPhoneSimulator
		{A955E6AA-D96B-4DC2-BFC0-6BF5C897C0F3}.Debug|iPhoneSimulator.Build.0 = Debug|iPhoneSimulator
		{A955E6AA-D96B-4DC2-BFC0-6BF5C897C0F3}.Debug|x64.ActiveCfg = Debug|iPhone
		{A955E6AA-D96B-4DC2-BFC0-6BF5C897C0F3}.Debug|x86.ActiveCfg = Debug|iPhone
		{A955E6AA-D96B-4DC2-BFC0-6BF5C897C0F3}.Release|Any CPU.ActiveCfg = Release|iPhone
		{A955E6AA-D96B-4DC2-BFC0-6BF5C897C0F3}.Release|Any CPU.Build.0 = Release|iPhone
		{A955E6AA-D96B-4DC2-BFC0-6BF5C897C0F3}.Release|ARM.ActiveCfg = Release|iPhone
		{A955E6AA-D96B-4DC2-BFC0-6BF5C897C0F3}.Release|iPhone.ActiveCfg = Release|iPhone
		{A955E6AA-D96B-4DC2-BFC0-6BF5C897C0F3}.Release|iPhone.Build.0 = Release|iPhone
		{A955E6AA-D96B-4DC2-BFC0-6BF5C897C0F3}.Release|iPhoneSimulator.ActiveCfg = Release|iPhoneSimulator
		{A955E6AA-D96B-4DC2-BFC0-6BF5C897C0F3}.Release|iPhoneSimulator.Build.0 = Release|iPhoneSimulator
		{A955E6AA-D96B-4DC2-BFC0-6BF5C897C0F3}.Release|x64.ActiveCfg = Release|iPhone
		{A955E6AA-D96B-4DC2-BFC0-6BF5C897C0F3}.Release|x86.ActiveCfg = Release|iPhone
		{1B88A131-C6DE-4594-89B2-010CC85878CC}.Ad-Hoc|Any CPU.ActiveCfg = Release|Any CPU
		{1B88A131-C6DE-4594-89B2-010CC85878CC}.Ad-Hoc|Any CPU.Build.0 = Release|Any CPU
		{1B88A131-C6DE-4594-89B2-010CC85878CC}.Ad-Hoc|Any CPU.Deploy.0 = Release|Any CPU
		{1B88A131-C6DE-4594-89B2-010CC85878CC}.Ad-Hoc|ARM.ActiveCfg = Release|Any CPU
		{1B88A131-C6DE-4594-89B2-010CC85878CC}.Ad-Hoc|ARM.Build.0 = Release|Any CPU
		{1B88A131-C6DE-4594-89B2-010CC85878CC}.Ad-Hoc|ARM.Deploy.0 = Release|Any CPU
		{1B88A131-C6DE-4594-89B2-010CC85878CC}.Ad-Hoc|iPhone.ActiveCfg = Release|Any CPU
		{1B88A131-C6DE-4594-89B2-010CC85878CC}.Ad-Hoc|iPhone.Build.0 = Release|Any CPU
		{1B88A131-C6DE-4594-89B2-010CC85878CC}.Ad-Hoc|iPhone.Deploy.0 = Release|Any CPU
		{1B88A131-C6DE-4594-89B2-010CC85878CC}.Ad-Hoc|iPhoneSimulator.ActiveCfg = Release|Any CPU
		{1B88A131-C6DE-4594-89B2-010CC85878CC}.Ad-Hoc|iPhoneSimulator.Build.0 = Release|Any CPU
		{1B88A131-C6DE-4594-89B2-010CC85878CC}.Ad-Hoc|iPhoneSimulator.Deploy.0 = Release|Any CPU
		{1B88A131-C6DE-4594-89B2-010CC85878CC}.Ad-Hoc|x64.ActiveCfg = Release|Any CPU
		{1B88A131-C6DE-4594-89B2-010CC85878CC}.Ad-Hoc|x64.Build.0 = Release|Any CPU
		{1B88A131-C6DE-4594-89B2-010CC85878CC}.Ad-Hoc|x64.Deploy.0 = Release|Any CPU
		{1B88A131-C6DE-4594-89B2-010CC85878CC}.Ad-Hoc|x86.ActiveCfg = Release|Any CPU
		{1B88A131-C6DE-4594-89B2-010CC85878CC}.Ad-Hoc|x86.Build.0 = Release|Any CPU
		{1B88A131-C6DE-4594-89B2-010CC85878CC}.Ad-Hoc|x86.Deploy.0 = Release|Any CPU
		{1B88A131-C6DE-4594-89B2-010CC85878CC}.AppStore|Any CPU.ActiveCfg = Release|Any CPU
		{1B88A131-C6DE-4594-89B2-010CC85878CC}.AppStore|Any CPU.Build.0 = Release|Any CPU
		{1B88A131-C6DE-4594-89B2-010CC85878CC}.AppStore|Any CPU.Deploy.0 = Release|Any CPU
		{1B88A131-C6DE-4594-89B2-010CC85878CC}.AppStore|ARM.ActiveCfg = Release|Any CPU
		{1B88A131-C6DE-4594-89B2-010CC85878CC}.AppStore|ARM.Build.0 = Release|Any CPU
		{1B88A131-C6DE-4594-89B2-010CC85878CC}.AppStore|ARM.Deploy.0 = Release|Any CPU
		{1B88A131-C6DE-4594-89B2-010CC85878CC}.AppStore|iPhone.ActiveCfg = Release|Any CPU
		{1B88A131-C6DE-4594-89B2-010CC85878CC}.AppStore|iPhone.Build.0 = Release|Any CPU
		{1B88A131-C6DE-4594-89B2-010CC85878CC}.AppStore|iPhone.Deploy.0 = Release|Any CPU
		{1B88A131-C6DE-4594-89B2-010CC85878CC}.AppStore|iPhoneSimulator.ActiveCfg = Release|Any CPU
		{1B88A131-C6DE-4594-89B2-010CC85878CC}.AppStore|iPhoneSimulator.Build.0 = Release|Any CPU
		{1B88A131-C6DE-4594-89B2-010CC85878CC}.AppStore|iPhoneSimulator.Deploy.0 = Release|Any CPU
		{1B88A131-C6DE-4594-89B2-010CC85878CC}.AppStore|x64.ActiveCfg = Release|Any CPU
		{1B88A131-C6DE-4594-89B2-010CC85878CC}.AppStore|x64.Build.0 = Release|Any CPU
		{1B88A131-C6DE-4594-89B2-010CC85878CC}.AppStore|x64.Deploy.0 = Release|Any CPU
		{1B88A131-C6DE-4594-89B2-010CC85878CC}.AppStore|x86.ActiveCfg = Release|Any CPU
		{1B88A131-C6DE-4594-89B2-010CC85878CC}.AppStore|x86.Build.0 = Release|Any CPU
		{1B88A131-C6DE-4594-89B2-010CC85878CC}.AppStore|x86.Deploy.0 = Release|Any CPU
		{1B88A131-C6DE-4594-89B2-010CC85878CC}.Debug|Any CPU.ActiveCfg = Debug|Any CPU
		{1B88A131-C6DE-4594-89B2-010CC85878CC}.Debug|Any CPU.Build.0 = Debug|Any CPU
		{1B88A131-C6DE-4594-89B2-010CC85878CC}.Debug|Any CPU.Deploy.0 = Debug|Any CPU
		{1B88A131-C6DE-4594-89B2-010CC85878CC}.Debug|ARM.ActiveCfg = Debug|Any CPU
		{1B88A131-C6DE-4594-89B2-010CC85878CC}.Debug|ARM.Build.0 = Debug|Any CPU
		{1B88A131-C6DE-4594-89B2-010CC85878CC}.Debug|ARM.Deploy.0 = Debug|Any CPU
		{1B88A131-C6DE-4594-89B2-010CC85878CC}.Debug|iPhone.ActiveCfg = Debug|Any CPU
		{1B88A131-C6DE-4594-89B2-010CC85878CC}.Debug|iPhone.Build.0 = Debug|Any CPU
		{1B88A131-C6DE-4594-89B2-010CC85878CC}.Debug|iPhone.Deploy.0 = Debug|Any CPU
		{1B88A131-C6DE-4594-89B2-010CC85878CC}.Debug|iPhoneSimulator.ActiveCfg = Debug|Any CPU
		{1B88A131-C6DE-4594-89B2-010CC85878CC}.Debug|iPhoneSimulator.Build.0 = Debug|Any CPU
		{1B88A131-C6DE-4594-89B2-010CC85878CC}.Debug|iPhoneSimulator.Deploy.0 = Debug|Any CPU
		{1B88A131-C6DE-4594-89B2-010CC85878CC}.Debug|x64.ActiveCfg = Debug|Any CPU
		{1B88A131-C6DE-4594-89B2-010CC85878CC}.Debug|x64.Build.0 = Debug|Any CPU
		{1B88A131-C6DE-4594-89B2-010CC85878CC}.Debug|x64.Deploy.0 = Debug|Any CPU
		{1B88A131-C6DE-4594-89B2-010CC85878CC}.Debug|x86.ActiveCfg = Debug|Any CPU
		{1B88A131-C6DE-4594-89B2-010CC85878CC}.Debug|x86.Build.0 = Debug|Any CPU
		{1B88A131-C6DE-4594-89B2-010CC85878CC}.Debug|x86.Deploy.0 = Debug|Any CPU
		{1B88A131-C6DE-4594-89B2-010CC85878CC}.Release|Any CPU.ActiveCfg = Release|Any CPU
		{1B88A131-C6DE-4594-89B2-010CC85878CC}.Release|Any CPU.Build.0 = Release|Any CPU
		{1B88A131-C6DE-4594-89B2-010CC85878CC}.Release|Any CPU.Deploy.0 = Release|Any CPU
		{1B88A131-C6DE-4594-89B2-010CC85878CC}.Release|ARM.ActiveCfg = Release|Any CPU
		{1B88A131-C6DE-4594-89B2-010CC85878CC}.Release|ARM.Build.0 = Release|Any CPU
		{1B88A131-C6DE-4594-89B2-010CC85878CC}.Release|ARM.Deploy.0 = Release|Any CPU
		{1B88A131-C6DE-4594-89B2-010CC85878CC}.Release|iPhone.ActiveCfg = Release|Any CPU
		{1B88A131-C6DE-4594-89B2-010CC85878CC}.Release|iPhone.Build.0 = Release|Any CPU
		{1B88A131-C6DE-4594-89B2-010CC85878CC}.Release|iPhone.Deploy.0 = Release|Any CPU
		{1B88A131-C6DE-4594-89B2-010CC85878CC}.Release|iPhoneSimulator.ActiveCfg = Release|Any CPU
		{1B88A131-C6DE-4594-89B2-010CC85878CC}.Release|iPhoneSimulator.Build.0 = Release|Any CPU
		{1B88A131-C6DE-4594-89B2-010CC85878CC}.Release|iPhoneSimulator.Deploy.0 = Release|Any CPU
		{1B88A131-C6DE-4594-89B2-010CC85878CC}.Release|x64.ActiveCfg = Release|Any CPU
		{1B88A131-C6DE-4594-89B2-010CC85878CC}.Release|x64.Build.0 = Release|Any CPU
		{1B88A131-C6DE-4594-89B2-010CC85878CC}.Release|x64.Deploy.0 = Release|Any CPU
		{1B88A131-C6DE-4594-89B2-010CC85878CC}.Release|x86.ActiveCfg = Release|Any CPU
		{1B88A131-C6DE-4594-89B2-010CC85878CC}.Release|x86.Build.0 = Release|Any CPU
		{1B88A131-C6DE-4594-89B2-010CC85878CC}.Release|x86.Deploy.0 = Release|Any CPU
	EndGlobalSection
	GlobalSection(SolutionProperties) = preSolution
		HideSolutionNode = FALSE
	EndGlobalSection
	GlobalSection(NestedProjects) = preSolution
		{BF3EDE00-0B3E-4C83-82E0-3ED08BE0E2E5} = {4612F554-2230-4CCA-B9E7-2E490A2DFA10}
		{502BEC8E-BB95-4C09-9C14-9EC3777C2F19} = {4612F554-2230-4CCA-B9E7-2E490A2DFA10}
		{E0FBD43D-974C-4676-B7F7-9FBDE2885A36} = {4612F554-2230-4CCA-B9E7-2E490A2DFA10}
		{F84D0471-790D-4FBF-A2B5-49237C40CADB} = {4612F554-2230-4CCA-B9E7-2E490A2DFA10}
	EndGlobalSection
EndGlobal
